
Microsoft Visual Studio Solution File, Format Version 12.00
# Visual Studio 15
VisualStudioVersion = 15.0.27703.2000
MinimumVisualStudioVersion = 10.0.40219.1
Project("{FAE04EC0-301F-11D3-BF4B-00C04F79EFBC}") = "WardrobeMVC", "WardrobeMVC\WardrobeMVC.csproj", "{4AEC972F-E250-4365-BC4C-769AA75CDFD4}"
EndProject
Global
	GlobalSection(SolutionConfigurationPlatforms) = preSolution
		Debug|Any CPU = Debug|Any CPU
		Release|Any CPU = Release|Any CPU
	EndGlobalSection
	GlobalSection(ProjectConfigurationPlatforms) = postSolution
		{4AEC972F-E250-4365-BC4C-769AA75CDFD4}.Debug|Any CPU.ActiveCfg = Debug|Any CPU
		{4AEC972F-E250-4365-BC4C-769AA75CDFD4}.Debug|Any CPU.Build.0 = Debug|Any CPU
		{4AEC972F-E250-4365-BC4C-769AA75CDFD4}.Release|Any CPU.ActiveCfg = Release|Any CPU
		{4AEC972F-E250-4365-BC4C-769AA75CDFD4}.Release|Any CPU.Build.0 = Release|Any CPU
	EndGlobalSection
	GlobalSection(SolutionProperties) = preSolution
		HideSolutionNode = FALSE
	EndGlobalSection
	GlobalSection(ExtensibilityGlobals) = postSolution
		SolutionGuid = {43FA00FD-757F-4739-9329-91DD2DB73DCB}
	EndGlobalSection
EndGlobal
